<?xml version="1.0" encoding="utf-8"?>
<Project ToolsVersion="4.0" xmlns="http://schemas.microsoft.com/developer/msbuild/2003">
  <ItemGroup>
    <ClCompile Include="bitmap.cpp">
      <Filter>Source Files</Filter>
    </ClCompile>
    <ClCompile Include="gl2.cpp">
      <Filter>Source Files</Filter>
    </ClCompile>
    <ClCompile Include="main.cpp">
      <Filter>Source Files</Filter>
    </ClCompile>
    <ClCompile Include="model_obj.cpp">
      <Filter>Source Files</Filter>
    </ClCompile>
    <ClCompile Include="WGL_ARB_multisample.cpp">
      <Filter>Source Files</Filter>
    </ClCompile>
    <ClCompile Include="GLSLProgramObject.cpp">
      <Filter>Source Files</Filter>
    </ClCompile>
    <ClCompile Include="SkyBox.cpp">
      <Filter>Source Files</Filter>
    </ClCompile>
    <ClCompile Include="AccuBuffer.cpp">
      <Filter>Source Files\accumulation buffer</Filter>
    </ClCompile>
  </ItemGroup>
  <ItemGroup>
    <ClInclude Include="bitmap.h">
      <Filter>Include Files</Filter>
    </ClInclude>
    <ClInclude Include="gl2.h">
      <Filter>Include Files</Filter>
    </ClInclude>
    <ClInclude Include="model_obj.h">
      <Filter>Include Files</Filter>
    </ClInclude>
    <ClInclude Include="resource.h">
      <Filter>Include Files</Filter>
    </ClInclude>
    <ClInclude Include="WGL_ARB_multisample.h">
      <Filter>Include Files</Filter>
    </ClInclude>
    <ClInclude Include="main.h">
      <Filter>Source Files</Filter>
    </ClInclude>
    <ClInclude Include="GLSLProgramObject.h">
      <Filter>Source Files</Filter>
    </ClInclude>
    <ClInclude Include="SkyBox.h">
      <Filter>Include Files</Filter>
    </ClInclude>
    <ClInclude Include="AccuBuffer.h">
      <Filter>Source Files\accumulation buffer</Filter>
    </ClInclude>
    <ClInclude Include="jitter.h">
      <Filter>Source Files\accumulation buffer</Filter>
    </ClInclude>
  </ItemGroup>
  <ItemGroup>
    <None Include="Content\Models\credits.txt">
      <Filter>Resource Files</Filter>
    </None>
    <None Include="Content\Shaders\blinn_phong.glsl">
      <Filter>Resource Files\Shaders</Filter>
    </None>
    <None Include="Content\Models\bricks_color_map.jpg">
      <Filter>Resource Files\Textures</Filter>
    </None>
    <None Include="Content\Models\bricks_normal_map.jpg">
      <Filter>Resource Files\Textures</Filter>
    </None>
    <None Include="Content\Shaders\normal_mapping.glsl">
      <Filter>Resource Files\Shaders</Filter>
    </None>
    <None Include="Content\Models\cube.mtl">
      <Filter>Resource Files\Models</Filter>
    </None>
    <None Include="Content\Shaders\shade_fragment.glsl">
      <Filter>Resource Files\avg</Filter>
    </None>
    <None Include="Content\Shaders\shade_vertex.glsl">
      <Filter>Resource Files\avg</Filter>
    </None>
    <None Include="Content\Shaders\wavg_final_fragment.glsl">
      <Filter>Resource Files\avg</Filter>
    </None>
    <None Include="Content\Shaders\wavg_final_vertex.glsl">
      <Filter>Resource Files\avg</Filter>
    </None>
    <None Include="Content\Shaders\wavg_init_fragment.glsl">
      <Filter>Resource Files\avg</Filter>
    </None>
    <None Include="Content\Shaders\wavg_init_vertex.glsl">
      <Filter>Resource Files\avg</Filter>
    </None>
    <None Include="Content\Shaders\blinn_phong_vert.glsl">
      <Filter>Resource Files\Shaders</Filter>
    </None>
    <None Include="Content\Shaders\blinn_phong_frag.glsl">
      <Filter>Resource Files\Shaders</Filter>
    </None>
    <None Include="Content\Shaders\fp_blend_vertex.glsl">
      <Filter>Resource Files\fp</Filter>
    </None>
    <None Include="Content\Shaders\fp_final_fragment.glsl">
      <Filter>Resource Files\fp</Filter>
    </None>
    <None Include="Content\Shaders\fp_final_vertex.glsl">
      <Filter>Resource Files\fp</Filter>
    </None>
    <None Include="Content\Shaders\fp_init_fragment.glsl">
      <Filter>Resource Files\fp</Filter>
    </None>
    <None Include="Content\Shaders\fp_init_vertex.glsl">
      <Filter>Resource Files\fp</Filter>
    </None>
    <None Include="Content\Shaders\fp_peel_fragment.glsl">
      <Filter>Resource Files\fp</Filter>
    </None>
    <None Include="Content\Shaders\fp_peel_vertex.glsl">
      <Filter>Resource Files\fp</Filter>
    </None>
    <None Include="Content\Shaders\fp_calcCoc_fragment.glsl">
      <Filter>Resource Files\fp</Filter>
    </None>
    <None Include="Content\Shaders\fp_background_fragment.glsl">
      <Filter>Resource Files\fp</Filter>
    </None>
    <None Include="Content\Shaders\fp_coc_common.glsl">
      <Filter>Resource Files\fp</Filter>
    </None>
    <None Include="Content\Shaders\fp_common_variables.glsl">
      <Filter>Resource Files\fp</Filter>
    </None>
    <None Include="Content\Shaders\fp_final_fragment_new.glsl">
      <Filter>Resource Files\fp</Filter>
    </None>
  </ItemGroup>
  <ItemGroup>
    <Filter Include="Include Files">
      <UniqueIdentifier>{bcd8358f-3f31-4c2b-90b0-cf209c5300a5}</UniqueIdentifier>
    </Filter>
    <Filter Include="Source Files">
      <UniqueIdentifier>{fa6eb525-88a1-4f79-b3fd-b9dead52eb83}</UniqueIdentifier>
    </Filter>
    <Filter Include="Resource Files">
      <UniqueIdentifier>{ea52ac42-fd9c-43fa-aa35-8180f3e9897b}</UniqueIdentifier>
    </Filter>
    <Filter Include="Resource Files\Models">
      <UniqueIdentifier>{919300af-69e7-4138-8f8e-eb2fee72501c}</UniqueIdentifier>
    </Filter>
    <Filter Include="Resource Files\Textures">
      <UniqueIdentifier>{c046472f-9e3c-43ba-8bad-9a84d48cf16f}</UniqueIdentifier>
    </Filter>
    <Filter Include="Resource Files\Shaders">
      <UniqueIdentifier>{fcdce84f-037c-4629-8f64-3eb4a10603ad}</UniqueIdentifier>
    </Filter>
    <Filter Include="Resource Files\avg">
      <UniqueIdentifier>{0d1b070c-ed37-4396-9597-55d0e274ceaa}</UniqueIdentifier>
    </Filter>
    <Filter Include="Resource Files\fp">
      <UniqueIdentifier>{a1d824a4-db15-4995-b1b0-68b153e5b8ae}</UniqueIdentifier>
    </Filter>
    <Filter Include="Source Files\accumulation buffer">
      <UniqueIdentifier>{66e0f50c-3f1a-4b49-bded-0b64f55cbe82}</UniqueIdentifier>
    </Filter>
  </ItemGroup>
  <ItemGroup>
    <ResourceCompile Include="GLObjViewer.rc">
      <Filter>Resource Files</Filter>
    </ResourceCompile>
  </ItemGroup>
  <ItemGroup>
    <Object Include="Content\Models\cube.obj">
      <Filter>Resource Files\Models</Filter>
    </Object>
  </ItemGroup>
</Project>